
Microsoft Visual Studio Solution File, Format Version 12.00
# Visual Studio 15
VisualStudioVersion = 15.0.27703.2000
MinimumVisualStudioVersion = 10.0.40219.1
Project("{FAE04EC0-301F-11D3-BF4B-00C04F79EFBC}") = "WindowsFormsApp17", "WindowsFormsApp17\WindowsFormsApp17.csproj", "{C6031ED2-37BF-46A7-979A-A510019C830C}"
EndProject
Global
	GlobalSection(SolutionConfigurationPlatforms) = preSolution
		Debug|Any CPU = Debug|Any CPU
		Release|Any CPU = Release|Any CPU
	EndGlobalSection
	GlobalSection(ProjectConfigurationPlatforms) = postSolution
		{C6031ED2-37BF-46A7-979A-A510019C830C}.Debug|Any CPU.ActiveCfg = Debug|Any CPU
		{C6031ED2-37BF-46A7-979A-A510019C830C}.Debug|Any CPU.Build.0 = Debug|Any CPU
		{C6031ED2-37BF-46A7-979A-A510019C830C}.Release|Any CPU.ActiveCfg = Release|Any CPU
		{C6031ED2-37BF-46A7-979A-A510019C830C}.Release|Any CPU.Build.0 = Release|Any CPU
	EndGlobalSection
	GlobalSection(SolutionProperties) = preSolution
		HideSolutionNode = FALSE
	EndGlobalSection
	GlobalSection(ExtensibilityGlobals) = postSolution
		SolutionGuid = {8DFDDC63-F337-4427-8EAA-53DB0A41FDD9}
	EndGlobalSection
EndGlobal
